// !$*UTF8*$!
{
	archiveVersion = 1;
	classes = {
	};
	objectVersion = 46;
	objects = {

/* Begin PBXBuildFile section */
		AE17596D1BCFB582004E31BC /* main.m in Sources */ = {isa = PBXBuildFile; fileRef = AE17596C1BCFB582004E31BC /* main.m */; };
		AE1759701BCFB582004E31BC /* AppDelegate.m in Sources */ = {isa = PBXBuildFile; fileRef = AE17596F1BCFB582004E31BC /* AppDelegate.m */; };
		AE1759761BCFB582004E31BC /* Main.storyboard in Resources */ = {isa = PBXBuildFile; fileRef = AE1759741BCFB582004E31BC /* Main.storyboard */; };
		AE1759781BCFB582004E31BC /* Assets.xcassets in Resources */ = {isa = PBXBuildFile; fileRef = AE1759771BCFB582004E31BC /* Assets.xcassets */; };
		AE17597B1BCFB582004E31BC /* LaunchScreen.storyboard in Resources */ = {isa = PBXBuildFile; fileRef = AE1759791BCFB582004E31BC /* LaunchScreen.storyboard */; };
		AE1759901BCFC419004E31BC /* InboxViewController.m in Sources */ = {isa = PBXBuildFile; fileRef = AE17598F1BCFC419004E31BC /* InboxViewController.m */; settings = {ASSET_TAGS = (); }; };
		AE42335D1BCFDF9100D0F8B4 /* AudioToolbox.framework in Frameworks */ = {isa = PBXBuildFile; fileRef = AE4233531BCFDF9100D0F8B4 /* AudioToolbox.framework */; };
		AE42335E1BCFDF9100D0F8B4 /* CFNetwork.framework in Frameworks */ = {isa = PBXBuildFile; fileRef = AE4233541BCFDF9100D0F8B4 /* CFNetwork.framework */; };
		AE42335F1BCFDF9100D0F8B4 /* CoreGraphics.framework in Frameworks */ = {isa = PBXBuildFile; fileRef = AE4233551BCFDF9100D0F8B4 /* CoreGraphics.framework */; };
		AE4233601BCFDF9100D0F8B4 /* CoreLocation.framework in Frameworks */ = {isa = PBXBuildFile; fileRef = AE4233561BCFDF9100D0F8B4 /* CoreLocation.framework */; };
		AE4233611BCFDF9100D0F8B4 /* libz.1.1.3.tbd in Frameworks */ = {isa = PBXBuildFile; fileRef = AE4233571BCFDF9100D0F8B4 /* libz.1.1.3.tbd */; };
		AE4233621BCFDF9100D0F8B4 /* MobileCoreServices.framework in Frameworks */ = {isa = PBXBuildFile; fileRef = AE4233581BCFDF9100D0F8B4 /* MobileCoreServices.framework */; };
		AE4233631BCFDF9100D0F8B4 /* QuartzCore.framework in Frameworks */ = {isa = PBXBuildFile; fileRef = AE4233591BCFDF9100D0F8B4 /* QuartzCore.framework */; };
		AE4233641BCFDF9100D0F8B4 /* Security.framework in Frameworks */ = {isa = PBXBuildFile; fileRef = AE42335A1BCFDF9100D0F8B4 /* Security.framework */; };
		AE4233651BCFDF9100D0F8B4 /* StoreKit.framework in Frameworks */ = {isa = PBXBuildFile; fileRef = AE42335B1BCFDF9100D0F8B4 /* StoreKit.framework */; };
		AE4233661BCFDF9100D0F8B4 /* SystemConfiguration.framework in Frameworks */ = {isa = PBXBuildFile; fileRef = AE42335C1BCFDF9100D0F8B4 /* SystemConfiguration.framework */; };
		AE4233711BCFFDEF00D0F8B4 /* Bolts.framework in Frameworks */ = {isa = PBXBuildFile; fileRef = AE42336A1BCFFDEF00D0F8B4 /* Bolts.framework */; };
		AE4233721BCFFDEF00D0F8B4 /* Parse.framework in Frameworks */ = {isa = PBXBuildFile; fileRef = AE42336B1BCFFDEF00D0F8B4 /* Parse.framework */; };
		AE4233731BCFFDEF00D0F8B4 /* ParseCrashReporting.framework in Frameworks */ = {isa = PBXBuildFile; fileRef = AE42336C1BCFFDEF00D0F8B4 /* ParseCrashReporting.framework */; };
		AE4233741BCFFDEF00D0F8B4 /* ParseFacebookUtils.framework in Frameworks */ = {isa = PBXBuildFile; fileRef = AE42336D1BCFFDEF00D0F8B4 /* ParseFacebookUtils.framework */; };
		AE4233751BCFFDEF00D0F8B4 /* ParseFacebookUtilsV4.framework in Frameworks */ = {isa = PBXBuildFile; fileRef = AE42336E1BCFFDEF00D0F8B4 /* ParseFacebookUtilsV4.framework */; };
		AE4233761BCFFDEF00D0F8B4 /* ParseTwitterUtils.framework in Frameworks */ = {isa = PBXBuildFile; fileRef = AE42336F1BCFFDEF00D0F8B4 /* ParseTwitterUtils.framework */; };
		AE4233771BCFFDEF00D0F8B4 /* ParseUI.framework in Frameworks */ = {isa = PBXBuildFile; fileRef = AE4233701BCFFDEF00D0F8B4 /* ParseUI.framework */; };
		AE4233791BCFFE3A00D0F8B4 /* libsqlite3.tbd in Frameworks */ = {isa = PBXBuildFile; fileRef = AE4233781BCFFE3A00D0F8B4 /* libsqlite3.tbd */; };
		AE42337C1BD0053200D0F8B4 /* LoginViewController.m in Sources */ = {isa = PBXBuildFile; fileRef = AE42337B1BD0053200D0F8B4 /* LoginViewController.m */; settings = {ASSET_TAGS = (); }; };
		AE42337F1BD0054300D0F8B4 /* SignupViewController.m in Sources */ = {isa = PBXBuildFile; fileRef = AE42337E1BD0054300D0F8B4 /* SignupViewController.m */; settings = {ASSET_TAGS = (); }; };
		AE6FCA531BD0474100ADACA7 /* EditFriendsViewController.m in Sources */ = {isa = PBXBuildFile; fileRef = AE6FCA521BD0474100ADACA7 /* EditFriendsViewController.m */; settings = {ASSET_TAGS = (); }; };
		AE6FCA561BD051C600ADACA7 /* FriendsViewController.m in Sources */ = {isa = PBXBuildFile; fileRef = AE6FCA551BD051C600ADACA7 /* FriendsViewController.m */; settings = {ASSET_TAGS = (); }; };
		AE6FCA5C1BD088FC00ADACA7 /* CameraViewController.m in Sources */ = {isa = PBXBuildFile; fileRef = AE6FCA5B1BD088FC00ADACA7 /* CameraViewController.m */; settings = {ASSET_TAGS = (); }; };
		AE7C97541BD2FEC700716323 /* GravatarUrlBuilder.m in Sources */ = {isa = PBXBuildFile; fileRef = AE7C97531BD2FEC700716323 /* GravatarUrlBuilder.m */; settings = {ASSET_TAGS = (); }; };
		AE7E0E7C1BD117860020582C /* ImageViewController.m in Sources */ = {isa = PBXBuildFile; fileRef = AE7E0E7B1BD117860020582C /* ImageViewController.m */; settings = {ASSET_TAGS = (); }; };
		AE7E0E7E1BD185DA0020582C /* MediaPlayer.framework in Frameworks */ = {isa = PBXBuildFile; fileRef = AE7E0E7D1BD185DA0020582C /* MediaPlayer.framework */; };
		AE7E0E801BD190EE0020582C /* AVFoundation.framework in Frameworks */ = {isa = PBXBuildFile; fileRef = AE7E0E7F1BD190EE0020582C /* AVFoundation.framework */; };
		AE810AB91BD2C3E500C1E5B2 /* TPKeyboardAvoidingScrollView.m in Sources */ = {isa = PBXBuildFile; fileRef = AE810AB81BD2C3E500C1E5B2 /* TPKeyboardAvoidingScrollView.m */; settings = {ASSET_TAGS = (); }; };
		AE810ABC1BD2C4B200C1E5B2 /* UIScrollView+TPKeyboardAvoidingAdditions.m in Sources */ = {isa = PBXBuildFile; fileRef = AE810ABB1BD2C4B200C1E5B2 /* UIScrollView+TPKeyboardAvoidingAdditions.m */; settings = {ASSET_TAGS = (); }; };
		AE810AC11BD2E4E100C1E5B2 /* MSCellAccessory.m in Sources */ = {isa = PBXBuildFile; fileRef = AE810ABE1BD2E4E100C1E5B2 /* MSCellAccessory.m */; settings = {ASSET_TAGS = (); }; };
		AE810AC21BD2E4E100C1E5B2 /* UIView+AccessViewController.m in Sources */ = {isa = PBXBuildFile; fileRef = AE810AC01BD2E4E100C1E5B2 /* UIView+AccessViewController.m */; settings = {ASSET_TAGS = (); }; };
/* End PBXBuildFile section */

/* Begin PBXFileReference section */
		AE1759681BCFB582004E31BC /* Ribbit.app */ = {isa = PBXFileReference; explicitFileType = wrapper.application; includeInIndex = 0; path = Ribbit.app; sourceTree = BUILT_PRODUCTS_DIR; };
		AE17596C1BCFB582004E31BC /* main.m */ = {isa = PBXFileReference; lastKnownFileType = sourcecode.c.objc; path = main.m; sourceTree = "<group>"; };
		AE17596E1BCFB582004E31BC /* AppDelegate.h */ = {isa = PBXFileReference; lastKnownFileType = sourcecode.c.h; path = AppDelegate.h; sourceTree = "<group>"; };
		AE17596F1BCFB582004E31BC /* AppDelegate.m */ = {isa = PBXFileReference; lastKnownFileType = sourcecode.c.objc; path = AppDelegate.m; sourceTree = "<group>"; };
		AE1759751BCFB582004E31BC /* Base */ = {isa = PBXFileReference; lastKnownFileType = file.storyboard; name = Base; path = Base.lproj/Main.storyboard; sourceTree = "<group>"; };
		AE1759771BCFB582004E31BC /* Assets.xcassets */ = {isa = PBXFileReference; lastKnownFileType = folder.assetcatalog; path = Assets.xcassets; sourceTree = "<group>"; };
		AE17597A1BCFB582004E31BC /* Base */ = {isa = PBXFileReference; lastKnownFileType = file.storyboard; name = Base; path = Base.lproj/LaunchScreen.storyboard; sourceTree = "<group>"; };
		AE17597C1BCFB582004E31BC /* Info.plist */ = {isa = PBXFileReference; lastKnownFileType = text.plist.xml; path = Info.plist; sourceTree = "<group>"; };
		AE17598E1BCFC419004E31BC /* InboxViewController.h */ = {isa = PBXFileReference; fileEncoding = 4; lastKnownFileType = sourcecode.c.h; path = InboxViewController.h; sourceTree = "<group>"; };
		AE17598F1BCFC419004E31BC /* InboxViewController.m */ = {isa = PBXFileReference; fileEncoding = 4; lastKnownFileType = sourcecode.c.objc; path = InboxViewController.m; sourceTree = "<group>"; };
		AE4233531BCFDF9100D0F8B4 /* AudioToolbox.framework */ = {isa = PBXFileReference; lastKnownFileType = wrapper.framework; name = AudioToolbox.framework; path = System/Library/Frameworks/AudioToolbox.framework; sourceTree = SDKROOT; };
		AE4233541BCFDF9100D0F8B4 /* CFNetwork.framework */ = {isa = PBXFileReference; lastKnownFileType = wrapper.framework; name = CFNetwork.framework; path = System/Library/Frameworks/CFNetwork.framework; sourceTree = SDKROOT; };
		AE4233551BCFDF9100D0F8B4 /* CoreGraphics.framework */ = {isa = PBXFileReference; lastKnownFileType = wrapper.framework; name = CoreGraphics.framework; path = System/Library/Frameworks/CoreGraphics.framework; sourceTree = SDKROOT; };
		AE4233561BCFDF9100D0F8B4 /* CoreLocation.framework */ = {isa = PBXFileReference; lastKnownFileType = wrapper.framework; name = CoreLocation.framework; path = System/Library/Frameworks/CoreLocation.framework; sourceTree = SDKROOT; };
		AE4233571BCFDF9100D0F8B4 /* libz.1.1.3.tbd */ = {isa = PBXFileReference; lastKnownFileType = "sourcecode.text-based-dylib-definition"; name = libz.1.1.3.tbd; path = usr/lib/libz.1.1.3.tbd; sourceTree = SDKROOT; };
		AE4233581BCFDF9100D0F8B4 /* MobileCoreServices.framework */ = {isa = PBXFileReference; lastKnownFileType = wrapper.framework; name = MobileCoreServices.framework; path = System/Library/Frameworks/MobileCoreServices.framework; sourceTree = SDKROOT; };
		AE4233591BCFDF9100D0F8B4 /* QuartzCore.framework */ = {isa = PBXFileReference; lastKnownFileType = wrapper.framework; name = QuartzCore.framework; path = System/Library/Frameworks/QuartzCore.framework; sourceTree = SDKROOT; };
		AE42335A1BCFDF9100D0F8B4 /* Security.framework */ = {isa = PBXFileReference; lastKnownFileType = wrapper.framework; name = Security.framework; path = System/Library/Frameworks/Security.framework; sourceTree = SDKROOT; };
		AE42335B1BCFDF9100D0F8B4 /* StoreKit.framework */ = {isa = PBXFileReference; lastKnownFileType = wrapper.framework; name = StoreKit.framework; path = System/Library/Frameworks/StoreKit.framework; sourceTree = SDKROOT; };
		AE42335C1BCFDF9100D0F8B4 /* SystemConfiguration.framework */ = {isa = PBXFileReference; lastKnownFileType = wrapper.framework; name = SystemConfiguration.framework; path = System/Library/Frameworks/SystemConfiguration.framework; sourceTree = SDKROOT; };
		AE42336A1BCFFDEF00D0F8B4 /* Bolts.framework */ = {isa = PBXFileReference; lastKnownFileType = wrapper.framework; name = Bolts.framework; path = "parse-library-1.9.0/Bolts.framework"; sourceTree = "<group>"; };
		AE42336B1BCFFDEF00D0F8B4 /* Parse.framework */ = {isa = PBXFileReference; lastKnownFileType = wrapper.framework; name = Parse.framework; path = "parse-library-1.9.0/Parse.framework"; sourceTree = "<group>"; };
		AE42336C1BCFFDEF00D0F8B4 /* ParseCrashReporting.framework */ = {isa = PBXFileReference; lastKnownFileType = wrapper.framework; name = ParseCrashReporting.framework; path = "parse-library-1.9.0/ParseCrashReporting.framework"; sourceTree = "<group>"; };
		AE42336D1BCFFDEF00D0F8B4 /* ParseFacebookUtils.framework */ = {isa = PBXFileReference; lastKnownFileType = wrapper.framework; name = ParseFacebookUtils.framework; path = "parse-library-1.9.0/ParseFacebookUtils.framework"; sourceTree = "<group>"; };
		AE42336E1BCFFDEF00D0F8B4 /* ParseFacebookUtilsV4.framework */ = {isa = PBXFileReference; lastKnownFileType = wrapper.framework; name = ParseFacebookUtilsV4.framework; path = "parse-library-1.9.0/ParseFacebookUtilsV4.framework"; sourceTree = "<group>"; };
		AE42336F1BCFFDEF00D0F8B4 /* ParseTwitterUtils.framework */ = {isa = PBXFileReference; lastKnownFileType = wrapper.framework; name = ParseTwitterUtils.framework; path = "parse-library-1.9.0/ParseTwitterUtils.framework"; sourceTree = "<group>"; };
		AE4233701BCFFDEF00D0F8B4 /* ParseUI.framework */ = {isa = PBXFileReference; lastKnownFileType = wrapper.framework; name = ParseUI.framework; path = "parse-library-1.9.0/ParseUI.framework"; sourceTree = "<group>"; };
		AE4233781BCFFE3A00D0F8B4 /* libsqlite3.tbd */ = {isa = PBXFileReference; lastKnownFileType = "sourcecode.text-based-dylib-definition"; name = libsqlite3.tbd; path = usr/lib/libsqlite3.tbd; sourceTree = SDKROOT; };
		AE42337A1BD0053200D0F8B4 /* LoginViewController.h */ = {isa = PBXFileReference; fileEncoding = 4; lastKnownFileType = sourcecode.c.h; path = LoginViewController.h; sourceTree = "<group>"; };
		AE42337B1BD0053200D0F8B4 /* LoginViewController.m */ = {isa = PBXFileReference; fileEncoding = 4; lastKnownFileType = sourcecode.c.objc; path = LoginViewController.m; sourceTree = "<group>"; };
		AE42337D1BD0054300D0F8B4 /* SignupViewController.h */ = {isa = PBXFileReference; fileEncoding = 4; lastKnownFileType = sourcecode.c.h; path = SignupViewController.h; sourceTree = "<group>"; };
		AE42337E1BD0054300D0F8B4 /* SignupViewController.m */ = {isa = PBXFileReference; fileEncoding = 4; lastKnownFileType = sourcecode.c.objc; path = SignupViewController.m; sourceTree = "<group>"; };
		AE6FCA511BD0474100ADACA7 /* EditFriendsViewController.h */ = {isa = PBXFileReference; fileEncoding = 4; lastKnownFileType = sourcecode.c.h; path = EditFriendsViewController.h; sourceTree = "<group>"; };
		AE6FCA521BD0474100ADACA7 /* EditFriendsViewController.m */ = {isa = PBXFileReference; fileEncoding = 4; lastKnownFileType = sourcecode.c.objc; path = EditFriendsViewController.m; sourceTree = "<group>"; };
		AE6FCA541BD051C600ADACA7 /* FriendsViewController.h */ = {isa = PBXFileReference; fileEncoding = 4; lastKnownFileType = sourcecode.c.h; path = FriendsViewController.h; sourceTree = "<group>"; };
		AE6FCA551BD051C600ADACA7 /* FriendsViewController.m */ = {isa = PBXFileReference; fileEncoding = 4; lastKnownFileType = sourcecode.c.objc; path = FriendsViewController.m; sourceTree = "<group>"; };
		AE6FCA5A1BD088FC00ADACA7 /* CameraViewController.h */ = {isa = PBXFileReference; fileEncoding = 4; lastKnownFileType = sourcecode.c.h; path = CameraViewController.h; sourceTree = "<group>"; };
		AE6FCA5B1BD088FC00ADACA7 /* CameraViewController.m */ = {isa = PBXFileReference; fileEncoding = 4; lastKnownFileType = sourcecode.c.objc; path = CameraViewController.m; sourceTree = "<group>"; };
		AE7C97521BD2FEC700716323 /* GravatarUrlBuilder.h */ = {isa = PBXFileReference; fileEncoding = 4; lastKnownFileType = sourcecode.c.h; path = GravatarUrlBuilder.h; sourceTree = "<group>"; };
		AE7C97531BD2FEC700716323 /* GravatarUrlBuilder.m */ = {isa = PBXFileReference; fileEncoding = 4; lastKnownFileType = sourcecode.c.objc; path = GravatarUrlBuilder.m; sourceTree = "<group>"; };
		AE7E0E7A1BD117860020582C /* ImageViewController.h */ = {isa = PBXFileReference; fileEncoding = 4; lastKnownFileType = sourcecode.c.h; name = ImageViewController.h; path = ../ImageViewController.h; sourceTree = "<group>"; };
		AE7E0E7B1BD117860020582C /* ImageViewController.m */ = {isa = PBXFileReference; fileEncoding = 4; lastKnownFileType = sourcecode.c.objc; name = ImageViewController.m; path = ../ImageViewController.m; sourceTree = "<group>"; };
		AE7E0E7D1BD185DA0020582C /* MediaPlayer.framework */ = {isa = PBXFileReference; lastKnownFileType = wrapper.framework; name = MediaPlayer.framework; path = System/Library/Frameworks/MediaPlayer.framework; sourceTree = SDKROOT; };
		AE7E0E7F1BD190EE0020582C /* AVFoundation.framework */ = {isa = PBXFileReference; lastKnownFileType = wrapper.framework; name = AVFoundation.framework; path = System/Library/Frameworks/AVFoundation.framework; sourceTree = SDKROOT; };
		AE810AB71BD2C3E500C1E5B2 /* TPKeyboardAvoidingScrollView.h */ = {isa = PBXFileReference; fileEncoding = 4; lastKnownFileType = sourcecode.c.h; path = TPKeyboardAvoidingScrollView.h; sourceTree = "<group>"; };
		AE810AB81BD2C3E500C1E5B2 /* TPKeyboardAvoidingScrollView.m */ = {isa = PBXFileReference; fileEncoding = 4; lastKnownFileType = sourcecode.c.objc; path = TPKeyboardAvoidingScrollView.m; sourceTree = "<group>"; };
		AE810ABA1BD2C4B200C1E5B2 /* UIScrollView+TPKeyboardAvoidingAdditions.h */ = {isa = PBXFileReference; fileEncoding = 4; lastKnownFileType = sourcecode.c.h; path = "UIScrollView+TPKeyboardAvoidingAdditions.h"; sourceTree = "<group>"; };
		AE810ABB1BD2C4B200C1E5B2 /* UIScrollView+TPKeyboardAvoidingAdditions.m */ = {isa = PBXFileReference; fileEncoding = 4; lastKnownFileType = sourcecode.c.objc; path = "UIScrollView+TPKeyboardAvoidingAdditions.m"; sourceTree = "<group>"; };
		AE810ABD1BD2E4E100C1E5B2 /* MSCellAccessory.h */ = {isa = PBXFileReference; fileEncoding = 4; lastKnownFileType = sourcecode.c.h; path = MSCellAccessory.h; sourceTree = "<group>"; };
		AE810ABE1BD2E4E100C1E5B2 /* MSCellAccessory.m */ = {isa = PBXFileReference; fileEncoding = 4; lastKnownFileType = sourcecode.c.objc; path = MSCellAccessory.m; sourceTree = "<group>"; };
		AE810ABF1BD2E4E100C1E5B2 /* UIView+AccessViewController.h */ = {isa = PBXFileReference; fileEncoding = 4; lastKnownFileType = sourcecode.c.h; path = "UIView+AccessViewController.h"; sourceTree = "<group>"; };
		AE810AC01BD2E4E100C1E5B2 /* UIView+AccessViewController.m */ = {isa = PBXFileReference; fileEncoding = 4; lastKnownFileType = sourcecode.c.objc; path = "UIView+AccessViewController.m"; sourceTree = "<group>"; };
/* End PBXFileReference section */

/* Begin PBXFrameworksBuildPhase section */
		AE1759651BCFB582004E31BC /* Frameworks */ = {
			isa = PBXFrameworksBuildPhase;
			buildActionMask = 2147483647;
			files = (
				AE7E0E801BD190EE0020582C /* AVFoundation.framework in Frameworks */,
				AE7E0E7E1BD185DA0020582C /* MediaPlayer.framework in Frameworks */,
				AE4233791BCFFE3A00D0F8B4 /* libsqlite3.tbd in Frameworks */,
				AE42335D1BCFDF9100D0F8B4 /* AudioToolbox.framework in Frameworks */,
				AE42335E1BCFDF9100D0F8B4 /* CFNetwork.framework in Frameworks */,
				AE42335F1BCFDF9100D0F8B4 /* CoreGraphics.framework in Frameworks */,
				AE4233601BCFDF9100D0F8B4 /* CoreLocation.framework in Frameworks */,
				AE4233611BCFDF9100D0F8B4 /* libz.1.1.3.tbd in Frameworks */,
				AE4233621BCFDF9100D0F8B4 /* MobileCoreServices.framework in Frameworks */,
				AE4233631BCFDF9100D0F8B4 /* QuartzCore.framework in Frameworks */,
				AE4233641BCFDF9100D0F8B4 /* Security.framework in Frameworks */,
				AE4233651BCFDF9100D0F8B4 /* StoreKit.framework in Frameworks */,
				AE4233661BCFDF9100D0F8B4 /* SystemConfiguration.framework in Frameworks */,
				AE4233711BCFFDEF00D0F8B4 /* Bolts.framework in Frameworks */,
				AE4233721BCFFDEF00D0F8B4 /* Parse.framework in Frameworks */,
				AE4233731BCFFDEF00D0F8B4 /* ParseCrashReporting.framework in Frameworks */,
				AE4233741BCFFDEF00D0F8B4 /* ParseFacebookUtils.framework in Frameworks */,
				AE4233751BCFFDEF00D0F8B4 /* ParseFacebookUtilsV4.framework in Frameworks */,
				AE4233761BCFFDEF00D0F8B4 /* ParseTwitterUtils.framework in Frameworks */,
				AE4233771BCFFDEF00D0F8B4 /* ParseUI.framework in Frameworks */,
			);
			runOnlyForDeploymentPostprocessing = 0;
		};
/* End PBXFrameworksBuildPhase section */

/* Begin PBXGroup section */
		AE17595F1BCFB582004E31BC = {
			isa = PBXGroup;
			children = (
				AE17596A1BCFB582004E31BC /* Ribbit */,
				AE1759691BCFB582004E31BC /* Products */,
				AE4233521BCFDF1300D0F8B4 /* Frameworks */,
			);
			sourceTree = "<group>";
		};
		AE1759691BCFB582004E31BC /* Products */ = {
			isa = PBXGroup;
			children = (
				AE1759681BCFB582004E31BC /* Ribbit.app */,
			);
			name = Products;
			sourceTree = "<group>";
		};
		AE17596A1BCFB582004E31BC /* Ribbit */ = {
			isa = PBXGroup;
			children = (
				AE7C97551BD2FECC00716323 /* Gravatar */,
				AE810AC31BD2E88D00C1E5B2 /* MSCellAccessrory */,
				AE810AC41BD2E8AB00C1E5B2 /* TPKeyboardAvoiding */,
				AE7E0E7A1BD117860020582C /* ImageViewController.h */,
				AE7E0E7B1BD117860020582C /* ImageViewController.m */,
				AE17598E1BCFC419004E31BC /* InboxViewController.h */,
				AE17598F1BCFC419004E31BC /* InboxViewController.m */,
				AE17596E1BCFB582004E31BC /* AppDelegate.h */,
				AE17596F1BCFB582004E31BC /* AppDelegate.m */,
				AE1759741BCFB582004E31BC /* Main.storyboard */,
				AE6FCA5A1BD088FC00ADACA7 /* CameraViewController.h */,
				AE6FCA5B1BD088FC00ADACA7 /* CameraViewController.m */,
				AE6FCA511BD0474100ADACA7 /* EditFriendsViewController.h */,
				AE6FCA521BD0474100ADACA7 /* EditFriendsViewController.m */,
				AE6FCA541BD051C600ADACA7 /* FriendsViewController.h */,
				AE6FCA551BD051C600ADACA7 /* FriendsViewController.m */,
				AE42337A1BD0053200D0F8B4 /* LoginViewController.h */,
				AE42337B1BD0053200D0F8B4 /* LoginViewController.m */,
				AE42337D1BD0054300D0F8B4 /* SignupViewController.h */,
				AE42337E1BD0054300D0F8B4 /* SignupViewController.m */,
				AE1759771BCFB582004E31BC /* Assets.xcassets */,
				AE1759791BCFB582004E31BC /* LaunchScreen.storyboard */,
				AE17597C1BCFB582004E31BC /* Info.plist */,
				AE17596B1BCFB582004E31BC /* Supporting Files */,
			);
			path = Ribbit;
			sourceTree = "<group>";
		};
		AE17596B1BCFB582004E31BC /* Supporting Files */ = {
			isa = PBXGroup;
			children = (
				AE17596C1BCFB582004E31BC /* main.m */,
			);
			name = "Supporting Files";
			sourceTree = "<group>";
		};
		AE4233521BCFDF1300D0F8B4 /* Frameworks */ = {
			isa = PBXGroup;
			children = (
				AE7E0E7F1BD190EE0020582C /* AVFoundation.framework */,
				AE7E0E7D1BD185DA0020582C /* MediaPlayer.framework */,
				AE4233781BCFFE3A00D0F8B4 /* libsqlite3.tbd */,
				AE42336A1BCFFDEF00D0F8B4 /* Bolts.framework */,
				AE42336B1BCFFDEF00D0F8B4 /* Parse.framework */,
				AE42336C1BCFFDEF00D0F8B4 /* ParseCrashReporting.framework */,
				AE42336D1BCFFDEF00D0F8B4 /* ParseFacebookUtils.framework */,
				AE42336E1BCFFDEF00D0F8B4 /* ParseFacebookUtilsV4.framework */,
				AE42336F1BCFFDEF00D0F8B4 /* ParseTwitterUtils.framework */,
				AE4233701BCFFDEF00D0F8B4 /* ParseUI.framework */,
				AE4233531BCFDF9100D0F8B4 /* AudioToolbox.framework */,
				AE4233541BCFDF9100D0F8B4 /* CFNetwork.framework */,
				AE4233551BCFDF9100D0F8B4 /* CoreGraphics.framework */,
				AE4233561BCFDF9100D0F8B4 /* CoreLocation.framework */,
				AE4233571BCFDF9100D0F8B4 /* libz.1.1.3.tbd */,
				AE4233581BCFDF9100D0F8B4 /* MobileCoreServices.framework */,
				AE4233591BCFDF9100D0F8B4 /* QuartzCore.framework */,
				AE42335A1BCFDF9100D0F8B4 /* Security.framework */,
				AE42335B1BCFDF9100D0F8B4 /* StoreKit.framework */,
				AE42335C1BCFDF9100D0F8B4 /* SystemConfiguration.framework */,
			);
			name = Frameworks;
			sourceTree = "<group>";
		};
		AE7C97551BD2FECC00716323 /* Gravatar */ = {
			isa = PBXGroup;
			children = (
				AE7C97521BD2FEC700716323 /* GravatarUrlBuilder.h */,
				AE7C97531BD2FEC700716323 /* GravatarUrlBuilder.m */,
			);
			name = Gravatar;
			sourceTree = "<group>";
		};
		AE810AC31BD2E88D00C1E5B2 /* MSCellAccessrory */ = {
			isa = PBXGroup;
			children = (
				AE810ABD1BD2E4E100C1E5B2 /* MSCellAccessory.h */,
				AE810ABE1BD2E4E100C1E5B2 /* MSCellAccessory.m */,
				AE810ABF1BD2E4E100C1E5B2 /* UIView+AccessViewController.h */,
				AE810AC01BD2E4E100C1E5B2 /* UIView+AccessViewController.m */,
			);
			name = MSCellAccessrory;
			sourceTree = "<group>";
		};
		AE810AC41BD2E8AB00C1E5B2 /* TPKeyboardAvoiding */ = {
			isa = PBXGroup;
			children = (
				AE810ABA1BD2C4B200C1E5B2 /* UIScrollView+TPKeyboardAvoidingAdditions.h */,
				AE810ABB1BD2C4B200C1E5B2 /* UIScrollView+TPKeyboardAvoidingAdditions.m */,
				AE810AB71BD2C3E500C1E5B2 /* TPKeyboardAvoidingScrollView.h */,
				AE810AB81BD2C3E500C1E5B2 /* TPKeyboardAvoidingScrollView.m */,
			);
			name = TPKeyboardAvoiding;
			sourceTree = "<group>";
		};
/* End PBXGroup section */

/* Begin PBXNativeTarget section */
		AE1759671BCFB582004E31BC /* Ribbit */ = {
			isa = PBXNativeTarget;
			buildConfigurationList = AE17597F1BCFB582004E31BC /* Build configuration list for PBXNativeTarget "Ribbit" */;
			buildPhases = (
				AE1759641BCFB582004E31BC /* Sources */,
				AE1759651BCFB582004E31BC /* Frameworks */,
				AE1759661BCFB582004E31BC /* Resources */,
			);
			buildRules = (
			);
			dependencies = (
			);
			name = Ribbit;
			productName = Ribbit;
			productReference = AE1759681BCFB582004E31BC /* Ribbit.app */;
			productType = "com.apple.product-type.application";
		};
/* End PBXNativeTarget section */

/* Begin PBXProject section */
		AE1759601BCFB582004E31BC /* Project object */ = {
			isa = PBXProject;
			attributes = {
				LastUpgradeCheck = 0700;
				ORGANIZATIONNAME = raphaelgmelo;
				TargetAttributes = {
					AE1759671BCFB582004E31BC = {
						CreatedOnToolsVersion = 7.0.1;
						DevelopmentTeam = A2XFAYJ65U;
					};
				};
			};
			buildConfigurationList = AE1759631BCFB582004E31BC /* Build configuration list for PBXProject "Ribbit" */;
			compatibilityVersion = "Xcode 3.2";
			developmentRegion = English;
			hasScannedForEncodings = 0;
			knownRegions = (
				en,
				Base,
			);
			mainGroup = AE17595F1BCFB582004E31BC;
			productRefGroup = AE1759691BCFB582004E31BC /* Products */;
			projectDirPath = "";
			projectRoot = "";
			targets = (
				AE1759671BCFB582004E31BC /* Ribbit */,
			);
		};
/* End PBXProject section */

/* Begin PBXResourcesBuildPhase section */
		AE1759661BCFB582004E31BC /* Resources */ = {
			isa = PBXResourcesBuildPhase;
			buildActionMask = 2147483647;
			files = (
				AE17597B1BCFB582004E31BC /* LaunchScreen.storyboard in Resources */,
				AE1759781BCFB582004E31BC /* Assets.xcassets in Resources */,
				AE1759761BCFB582004E31BC /* Main.storyboard in Resources */,
			);
			runOnlyForDeploymentPostprocessing = 0;
		};
/* End PBXResourcesBuildPhase section */

/* Begin PBXSourcesBuildPhase section */
		AE1759641BCFB582004E31BC /* Sources */ = {
			isa = PBXSourcesBuildPhase;
			buildActionMask = 2147483647;
			files = (
				AE42337C1BD0053200D0F8B4 /* LoginViewController.m in Sources */,
				AE7C97541BD2FEC700716323 /* GravatarUrlBuilder.m in Sources */,
				AE810AB91BD2C3E500C1E5B2 /* TPKeyboardAvoidingScrollView.m in Sources */,
				AE810AC21BD2E4E100C1E5B2 /* UIView+AccessViewController.m in Sources */,
				AE6FCA5C1BD088FC00ADACA7 /* CameraViewController.m in Sources */,
				AE1759901BCFC419004E31BC /* InboxViewController.m in Sources */,
				AE810AC11BD2E4E100C1E5B2 /* MSCellAccessory.m in Sources */,
				AE6FCA561BD051C600ADACA7 /* FriendsViewController.m in Sources */,
				AE810ABC1BD2C4B200C1E5B2 /* UIScrollView+TPKeyboardAvoidingAdditions.m in Sources */,
				AE6FCA531BD0474100ADACA7 /* EditFriendsViewController.m in Sources */,
				AE1759701BCFB582004E31BC /* AppDelegate.m in Sources */,
				AE7E0E7C1BD117860020582C /* ImageViewController.m in Sources */,
				AE17596D1BCFB582004E31BC /* main.m in Sources */,
				AE42337F1BD0054300D0F8B4 /* SignupViewController.m in Sources */,
			);
			runOnlyForDeploymentPostprocessing = 0;
		};
/* End PBXSourcesBuildPhase section */

/* Begin PBXVariantGroup section */
		AE1759741BCFB582004E31BC /* Main.storyboard */ = {
			isa = PBXVariantGroup;
			children = (
				AE1759751BCFB582004E31BC /* Base */,
			);
			name = Main.storyboard;
			sourceTree = "<group>";
		};
		AE1759791BCFB582004E31BC /* LaunchScreen.storyboard */ = {
			isa = PBXVariantGroup;
			children = (
				AE17597A1BCFB582004E31BC /* Base */,
			);
			name = LaunchScreen.storyboard;
			sourceTree = "<group>";
		};
/* End PBXVariantGroup section */

/* Begin XCBuildConfiguration section */
		AE17597D1BCFB582004E31BC /* Debug */ = {
			isa = XCBuildConfiguration;
			buildSettings = {
				ALWAYS_SEARCH_USER_PATHS = NO;
				CLANG_CXX_LANGUAGE_STANDARD = "gnu++0x";
				CLANG_CXX_LIBRARY = "libc++";
				CLANG_ENABLE_MODULES = YES;
				CLANG_ENABLE_OBJC_ARC = YES;
				CLANG_WARN_BOOL_CONVERSION = YES;
				CLANG_WARN_CONSTANT_CONVERSION = YES;
				CLANG_WARN_DIRECT_OBJC_ISA_USAGE = YES_ERROR;
				CLANG_WARN_EMPTY_BODY = YES;
				CLANG_WARN_ENUM_CONVERSION = YES;
				CLANG_WARN_INT_CONVERSION = YES;
				CLANG_WARN_OBJC_ROOT_CLASS = YES_ERROR;
				CLANG_WARN_UNREACHABLE_CODE = YES;
				CLANG_WARN__DUPLICATE_METHOD_MATCH = YES;
				"CODE_SIGN_IDENTITY[sdk=iphoneos*]" = "iPhone Developer";
				COPY_PHASE_STRIP = NO;
				DEBUG_INFORMATION_FORMAT = dwarf;
				ENABLE_STRICT_OBJC_MSGSEND = YES;
				ENABLE_TESTABILITY = YES;
				GCC_C_LANGUAGE_STANDARD = gnu99;
				GCC_DYNAMIC_NO_PIC = NO;
				GCC_NO_COMMON_BLOCKS = YES;
				GCC_OPTIMIZATION_LEVEL = 0;
				GCC_PREPROCESSOR_DEFINITIONS = (
					"DEBUG=1",
					"$(inherited)",
				);
				GCC_WARN_64_TO_32_BIT_CONVERSION = YES;
				GCC_WARN_ABOUT_RETURN_TYPE = YES_ERROR;
				GCC_WARN_UNDECLARED_SELECTOR = YES;
				GCC_WARN_UNINITIALIZED_AUTOS = YES_AGGRESSIVE;
				GCC_WARN_UNUSED_FUNCTION = YES;
				GCC_WARN_UNUSED_VARIABLE = YES;
				IPHONEOS_DEPLOYMENT_TARGET = 9.0;
				MTL_ENABLE_DEBUG_INFO = YES;
				ONLY_ACTIVE_ARCH = YES;
				SDKROOT = iphoneos;
			};
			name = Debug;
		};
		AE17597E1BCFB582004E31BC /* Release */ = {
			isa = XCBuildConfiguration;
			buildSettings = {
				ALWAYS_SEARCH_USER_PATHS = NO;
				CLANG_CXX_LANGUAGE_STANDARD = "gnu++0x";
				CLANG_CXX_LIBRARY = "libc++";
				CLANG_ENABLE_MODULES = YES;
				CLANG_ENABLE_OBJC_ARC = YES;
				CLANG_WARN_BOOL_CONVERSION = YES;
				CLANG_WARN_CONSTANT_CONVERSION = YES;
				CLANG_WARN_DIRECT_OBJC_ISA_USAGE = YES_ERROR;
				CLANG_WARN_EMPTY_BODY = YES;
				CLANG_WARN_ENUM_CONVERSION = YES;
				CLANG_WARN_INT_CONVERSION = YES;
				CLANG_WARN_OBJC_ROOT_CLASS = YES_ERROR;
				CLANG_WARN_UNREACHABLE_CODE = YES;
				CLANG_WARN__DUPLICATE_METHOD_MATCH = YES;
				"CODE_SIGN_IDENTITY[sdk=iphoneos*]" = "iPhone Developer";
				COPY_PHASE_STRIP = NO;
				DEBUG_INFORMATION_FORMAT = "dwarf-with-dsym";
				ENABLE_NS_ASSERTIONS = NO;
				ENABLE_STRICT_OBJC_MSGSEND = YES;
				GCC_C_LANGUAGE_STANDARD = gnu99;
				GCC_NO_COMMON_BLOCKS = YES;
				GCC_WARN_64_TO_32_BIT_CONVERSION = YES;
				GCC_WARN_ABOUT_RETURN_TYPE = YES_ERROR;
				GCC_WARN_UNDECLARED_SELECTOR = YES;
				GCC_WARN_UNINITIALIZED_AUTOS = YES_AGGRESSIVE;
				GCC_WARN_UNUSED_FUNCTION = YES;
				GCC_WARN_UNUSED_VARIABLE = YES;
				IPHONEOS_DEPLOYMENT_TARGET = 9.0;
				MTL_ENABLE_DEBUG_INFO = NO;
				SDKROOT = iphoneos;
				VALIDATE_PRODUCT = YES;
			};
			name = Release;
		};
		AE1759801BCFB582004E31BC /* Debug */ = {
			isa = XCBuildConfiguration;
			buildSettings = {
				ASSETCATALOG_COMPILER_APPICON_NAME = AppIcon;
				FRAMEWORK_SEARCH_PATHS = (
					"$(inherited)",
					"$(PROJECT_DIR)/parse-library-1.9.0",
				);
				INFOPLIST_FILE = Ribbit/Info.plist;
				LD_RUNPATH_SEARCH_PATHS = "$(inherited) @executable_path/Frameworks";
				PRODUCT_BUNDLE_IDENTIFIER = com.raphaelgmelo.Ribbit;
				PRODUCT_NAME = "$(TARGET_NAME)";
			};
			name = Debug;
		};
		AE1759811BCFB582004E31BC /* Release */ = {
			isa = XCBuildConfiguration;
			buildSettings = {
				ASSETCATALOG_COMPILER_APPICON_NAME = AppIcon;
				FRAMEWORK_SEARCH_PATHS = (
					"$(inherited)",
					"$(PROJECT_DIR)/parse-library-1.9.0",
				);
				INFOPLIST_FILE = Ribbit/Info.plist;
				LD_RUNPATH_SEARCH_PATHS = "$(inherited) @executable_path/Frameworks";
				PRODUCT_BUNDLE_IDENTIFIER = com.raphaelgmelo.Ribbit;
				PRODUCT_NAME = "$(TARGET_NAME)";
			};
			name = Release;
		};
/* End XCBuildConfiguration section */

/* Begin XCConfigurationList section */
		AE1759631BCFB582004E31BC /* Build configuration list for PBXProject "Ribbit" */ = {
			isa = XCConfigurationList;
			buildConfigurations = (
				AE17597D1BCFB582004E31BC /* Debug */,
				AE17597E1BCFB582004E31BC /* Release */,
			);
			defaultConfigurationIsVisible = 0;
			defaultConfigurationName = Release;
		};
		AE17597F1BCFB582004E31BC /* Build configuration list for PBXNativeTarget "Ribbit" */ = {
			isa = XCConfigurationList;
			buildConfigurations = (
				AE1759801BCFB582004E31BC /* Debug */,
				AE1759811BCFB582004E31BC /* Release */,
			);
			defaultConfigurationIsVisible = 0;
			defaultConfigurationName = Release;
		};
/* End XCConfigurationList section */
	};
	rootObject = AE1759601BCFB582004E31BC /* Project object */;
}
